
Microsoft Visual Studio Solution File, Format Version 12.00
# Visual Studio Version 17
VisualStudioVersion = 17.0.32112.339
MinimumVisualStudioVersion = 10.0.40219.1
Project("{FAE04EC0-301F-11D3-BF4B-00C04F79EFBC}") = "2020A2B", "2020A2B\2020A2B.csproj", "{AB177597-37B0-4F9A-8BB0-48FDB25E9613}"
EndProject
Global
	GlobalSection(SolutionConfigurationPlatforms) = preSolution
		Debug|Any CPU = Debug|Any CPU
		Release|Any CPU = Release|Any CPU
	EndGlobalSection
	GlobalSection(ProjectConfigurationPlatforms) = postSolution
		{AB177597-37B0-4F9A-8BB0-48FDB25E9613}.Debug|Any CPU.ActiveCfg = Debug|Any CPU
		{AB177597-37B0-4F9A-8BB0-48FDB25E9613}.Debug|Any CPU.Build.0 = Debug|Any CPU
		{AB177597-37B0-4F9A-8BB0-48FDB25E9613}.Release|Any CPU.ActiveCfg = Release|Any CPU
		{AB177597-37B0-4F9A-8BB0-48FDB25E9613}.Release|Any CPU.Build.0 = Release|Any CPU
	EndGlobalSection
	GlobalSection(SolutionProperties) = preSolution
		HideSolutionNode = FALSE
	EndGlobalSection
	GlobalSection(ExtensibilityGlobals) = postSolution
		SolutionGuid = {4BB87182-E160-4C01-9678-7F58D497D2CD}
	EndGlobalSection
EndGlobal
